
Microsoft Visual Studio Solution File, Format Version 12.00
# Visual Studio Version 16
VisualStudioVersion = 16.0.33214.272
MinimumVisualStudioVersion = 10.0.40219.1
Project("{FAE04EC0-301F-11D3-BF4B-00C04F79EFBC}") = "WebForm1", "WebForm1.csproj", "{645FA5EC-160F-475B-892E-8E89F7F24339}"
EndProject
Global
	GlobalSection(SolutionConfigurationPlatforms) = preSolution
		Debug|Any CPU = Debug|Any CPU
		Release|Any CPU = Release|Any CPU
	EndGlobalSection
	GlobalSection(ProjectConfigurationPlatforms) = postSolution
		{645FA5EC-160F-475B-892E-8E89F7F24339}.Debug|Any CPU.ActiveCfg = Debug|Any CPU
		{645FA5EC-160F-475B-892E-8E89F7F24339}.Debug|Any CPU.Build.0 = Debug|Any CPU
		{645FA5EC-160F-475B-892E-8E89F7F24339}.Release|Any CPU.ActiveCfg = Release|Any CPU
		{645FA5EC-160F-475B-892E-8E89F7F24339}.Release|Any CPU.Build.0 = Release|Any CPU
	EndGlobalSection
	GlobalSection(SolutionProperties) = preSolution
		HideSolutionNode = FALSE
	EndGlobalSection
	GlobalSection(ExtensibilityGlobals) = postSolution
		SolutionGuid = {375139A8-9BE0-44E1-9A70-A911C906650D}
	EndGlobalSection
EndGlobal
